// !$*UTF8*$!
{
	archiveVersion = 1;
	classes = {
	};
	objectVersion = 50;
	objects = {

/* Begin PBXBuildFile section */
		778D75BC2138E700002AA868 /* AppDelegate.swift in Sources */ = {isa = PBXBuildFile; fileRef = 778D75BB2138E700002AA868 /* AppDelegate.swift */; };
		778D75BE2138E700002AA868 /* LoginViewController.swift in Sources */ = {isa = PBXBuildFile; fileRef = 778D75BD2138E700002AA868 /* LoginViewController.swift */; };
		778D75C12138E700002AA868 /* Main.storyboard in Resources */ = {isa = PBXBuildFile; fileRef = 778D75BF2138E700002AA868 /* Main.storyboard */; };
		778D75C32138E703002AA868 /* Assets.xcassets in Resources */ = {isa = PBXBuildFile; fileRef = 778D75C22138E703002AA868 /* Assets.xcassets */; };
		778D75C62138E703002AA868 /* LaunchScreen.storyboard in Resources */ = {isa = PBXBuildFile; fileRef = 778D75C42138E703002AA868 /* LaunchScreen.storyboard */; };
		778D75CE2138E732002AA868 /* Constants.swift in Sources */ = {isa = PBXBuildFile; fileRef = 778D75CD2138E732002AA868 /* Constants.swift */; };
		778D75D02138E9B2002AA868 /* Structs.swift in Sources */ = {isa = PBXBuildFile; fileRef = 778D75CF2138E9B2002AA868 /* Structs.swift */; };
		778D75D62139C1AB002AA868 /* GCDBlackbox.swift in Sources */ = {isa = PBXBuildFile; fileRef = 778D75D52139C1AB002AA868 /* GCDBlackbox.swift */; };
		778D75D82139C249002AA868 /* MapClient.swift in Sources */ = {isa = PBXBuildFile; fileRef = 778D75D72139C249002AA868 /* MapClient.swift */; };
		778D75DA213B8B8F002AA868 /* NetworkErrorHelper.swift in Sources */ = {isa = PBXBuildFile; fileRef = 778D75D9213B8B8F002AA868 /* NetworkErrorHelper.swift */; };
		77EC8E37213EE91C00EAAE9E /* TableTabViewController.swift in Sources */ = {isa = PBXBuildFile; fileRef = 77EC8E36213EE91C00EAAE9E /* TableTabViewController.swift */; };
		77EC8E39213EEAA100EAAE9E /* MapViewController.swift in Sources */ = {isa = PBXBuildFile; fileRef = 77EC8E38213EEAA100EAAE9E /* MapViewController.swift */; };
		77EC8E3C213F096300EAAE9E /* MapView.swift in Sources */ = {isa = PBXBuildFile; fileRef = 77EC8E3B213F096300EAAE9E /* MapView.swift */; };
		77EC8E3E213F3E3800EAAE9E /* Students.json in Resources */ = {isa = PBXBuildFile; fileRef = 77EC8E3D213F3E3800EAAE9E /* Students.json */; };
/* End PBXBuildFile section */

/* Begin PBXFileReference section */
		778D75B82138E700002AA868 /* OnTheMap.app */ = {isa = PBXFileReference; explicitFileType = wrapper.application; includeInIndex = 0; path = OnTheMap.app; sourceTree = BUILT_PRODUCTS_DIR; };
		778D75BB2138E700002AA868 /* AppDelegate.swift */ = {isa = PBXFileReference; lastKnownFileType = sourcecode.swift; path = AppDelegate.swift; sourceTree = "<group>"; };
		778D75BD2138E700002AA868 /* LoginViewController.swift */ = {isa = PBXFileReference; lastKnownFileType = sourcecode.swift; path = LoginViewController.swift; sourceTree = "<group>"; };
		778D75C02138E700002AA868 /* Base */ = {isa = PBXFileReference; lastKnownFileType = file.storyboard; name = Base; path = Base.lproj/Main.storyboard; sourceTree = "<group>"; };
		778D75C22138E703002AA868 /* Assets.xcassets */ = {isa = PBXFileReference; lastKnownFileType = folder.assetcatalog; path = Assets.xcassets; sourceTree = "<group>"; };
		778D75C52138E703002AA868 /* Base */ = {isa = PBXFileReference; lastKnownFileType = file.storyboard; name = Base; path = Base.lproj/LaunchScreen.storyboard; sourceTree = "<group>"; };
		778D75C72138E703002AA868 /* Info.plist */ = {isa = PBXFileReference; lastKnownFileType = text.plist.xml; path = Info.plist; sourceTree = "<group>"; };
		778D75CD2138E732002AA868 /* Constants.swift */ = {isa = PBXFileReference; lastKnownFileType = sourcecode.swift; path = Constants.swift; sourceTree = "<group>"; };
		778D75CF2138E9B2002AA868 /* Structs.swift */ = {isa = PBXFileReference; lastKnownFileType = sourcecode.swift; path = Structs.swift; sourceTree = "<group>"; };
		778D75D52139C1AB002AA868 /* GCDBlackbox.swift */ = {isa = PBXFileReference; lastKnownFileType = sourcecode.swift; path = GCDBlackbox.swift; sourceTree = "<group>"; };
		778D75D72139C249002AA868 /* MapClient.swift */ = {isa = PBXFileReference; lastKnownFileType = sourcecode.swift; path = MapClient.swift; sourceTree = "<group>"; };
		778D75D9213B8B8F002AA868 /* NetworkErrorHelper.swift */ = {isa = PBXFileReference; lastKnownFileType = sourcecode.swift; path = NetworkErrorHelper.swift; sourceTree = "<group>"; };
		77EC8E36213EE91C00EAAE9E /* TableTabViewController.swift */ = {isa = PBXFileReference; lastKnownFileType = sourcecode.swift; path = TableTabViewController.swift; sourceTree = "<group>"; };
		77EC8E38213EEAA100EAAE9E /* MapViewController.swift */ = {isa = PBXFileReference; lastKnownFileType = sourcecode.swift; path = MapViewController.swift; sourceTree = "<group>"; };
		77EC8E3B213F096300EAAE9E /* MapView.swift */ = {isa = PBXFileReference; lastKnownFileType = sourcecode.swift; path = MapView.swift; sourceTree = "<group>"; };
		77EC8E3D213F3E3800EAAE9E /* Students.json */ = {isa = PBXFileReference; lastKnownFileType = text.json; path = Students.json; sourceTree = "<group>"; };
/* End PBXFileReference section */

/* Begin PBXFrameworksBuildPhase section */
		778D75B52138E700002AA868 /* Frameworks */ = {
			isa = PBXFrameworksBuildPhase;
			buildActionMask = 2147483647;
			files = (
			);
			runOnlyForDeploymentPostprocessing = 0;
		};
/* End PBXFrameworksBuildPhase section */

/* Begin PBXGroup section */
		778D75AF2138E700002AA868 = {
			isa = PBXGroup;
			children = (
				778D75BA2138E700002AA868 /* OnTheMap */,
				778D75B92138E700002AA868 /* Products */,
			);
			sourceTree = "<group>";
		};
		778D75B92138E700002AA868 /* Products */ = {
			isa = PBXGroup;
			children = (
				778D75B82138E700002AA868 /* OnTheMap.app */,
			);
			name = Products;
			sourceTree = "<group>";
		};
		778D75BA2138E700002AA868 /* OnTheMap */ = {
			isa = PBXGroup;
			children = (
				778D75BB2138E700002AA868 /* AppDelegate.swift */,
				778D75D52139C1AB002AA868 /* GCDBlackbox.swift */,
				778D75D42138F4A9002AA868 /* Model */,
				778D75D12138F450002AA868 /* View Controllers */,
				77EC8E3A213F093B00EAAE9E /* Views */,
				778D75D22138F472002AA868 /* Storyboards */,
				778D75D32138F494002AA868 /* Resources */,
				77EC8E3D213F3E3800EAAE9E /* Students.json */,
			);
			path = OnTheMap;
			sourceTree = "<group>";
		};
		778D75D12138F450002AA868 /* View Controllers */ = {
			isa = PBXGroup;
			children = (
				778D75BD2138E700002AA868 /* LoginViewController.swift */,
				77EC8E36213EE91C00EAAE9E /* TableTabViewController.swift */,
				77EC8E38213EEAA100EAAE9E /* MapViewController.swift */,
			);
			path = "View Controllers";
			sourceTree = "<group>";
		};
		778D75D22138F472002AA868 /* Storyboards */ = {
			isa = PBXGroup;
			children = (
				778D75BF2138E700002AA868 /* Main.storyboard */,
				778D75C42138E703002AA868 /* LaunchScreen.storyboard */,
			);
			path = Storyboards;
			sourceTree = "<group>";
		};
		778D75D32138F494002AA868 /* Resources */ = {
			isa = PBXGroup;
			children = (
				778D75C22138E703002AA868 /* Assets.xcassets */,
				778D75C72138E703002AA868 /* Info.plist */,
			);
			path = Resources;
			sourceTree = "<group>";
		};
		778D75D42138F4A9002AA868 /* Model */ = {
			isa = PBXGroup;
			children = (
				778D75D72139C249002AA868 /* MapClient.swift */,
				778D75CD2138E732002AA868 /* Constants.swift */,
				778D75CF2138E9B2002AA868 /* Structs.swift */,
				778D75D9213B8B8F002AA868 /* NetworkErrorHelper.swift */,
			);
			path = Model;
			sourceTree = "<group>";
		};
		77EC8E3A213F093B00EAAE9E /* Views */ = {
			isa = PBXGroup;
			children = (
				77EC8E3B213F096300EAAE9E /* MapView.swift */,
			);
			path = Views;
			sourceTree = "<group>";
		};
/* End PBXGroup section */

/* Begin PBXNativeTarget section */
		778D75B72138E700002AA868 /* OnTheMap */ = {
			isa = PBXNativeTarget;
			buildConfigurationList = 778D75CA2138E703002AA868 /* Build configuration list for PBXNativeTarget "OnTheMap" */;
			buildPhases = (
				778D75B42138E700002AA868 /* Sources */,
				778D75B52138E700002AA868 /* Frameworks */,
				778D75B62138E700002AA868 /* Resources */,
			);
			buildRules = (
			);
			dependencies = (
			);
			name = OnTheMap;
			productName = OnTheMap;
			productReference = 778D75B82138E700002AA868 /* OnTheMap.app */;
			productType = "com.apple.product-type.application";
		};
/* End PBXNativeTarget section */

/* Begin PBXProject section */
		778D75B02138E700002AA868 /* Project object */ = {
			isa = PBXProject;
			attributes = {
				LastSwiftUpdateCheck = 0940;
				LastUpgradeCheck = 0940;
				ORGANIZATIONNAME = "Erich Clark";
				TargetAttributes = {
					778D75B72138E700002AA868 = {
						CreatedOnToolsVersion = 9.4.1;
					};
				};
			};
			buildConfigurationList = 778D75B32138E700002AA868 /* Build configuration list for PBXProject "OnTheMap" */;
			compatibilityVersion = "Xcode 9.3";
			developmentRegion = en;
			hasScannedForEncodings = 0;
			knownRegions = (
				en,
				Base,
			);
			mainGroup = 778D75AF2138E700002AA868;
			productRefGroup = 778D75B92138E700002AA868 /* Products */;
			projectDirPath = "";
			projectRoot = "";
			targets = (
				778D75B72138E700002AA868 /* OnTheMap */,
			);
		};
/* End PBXProject section */

/* Begin PBXResourcesBuildPhase section */
		778D75B62138E700002AA868 /* Resources */ = {
			isa = PBXResourcesBuildPhase;
			buildActionMask = 2147483647;
			files = (
				778D75C62138E703002AA868 /* LaunchScreen.storyboard in Resources */,
				778D75C32138E703002AA868 /* Assets.xcassets in Resources */,
				778D75C12138E700002AA868 /* Main.storyboard in Resources */,
				77EC8E3E213F3E3800EAAE9E /* Students.json in Resources */,
			);
			runOnlyForDeploymentPostprocessing = 0;
		};
/* End PBXResourcesBuildPhase section */

/* Begin PBXSourcesBuildPhase section */
		778D75B42138E700002AA868 /* Sources */ = {
			isa = PBXSourcesBuildPhase;
			buildActionMask = 2147483647;
			files = (
				778D75D02138E9B2002AA868 /* Structs.swift in Sources */,
				778D75BE2138E700002AA868 /* LoginViewController.swift in Sources */,
				778D75D62139C1AB002AA868 /* GCDBlackbox.swift in Sources */,
				778D75BC2138E700002AA868 /* AppDelegate.swift in Sources */,
				77EC8E39213EEAA100EAAE9E /* MapViewController.swift in Sources */,
				778D75D82139C249002AA868 /* MapClient.swift in Sources */,
				77EC8E37213EE91C00EAAE9E /* TableTabViewController.swift in Sources */,
				77EC8E3C213F096300EAAE9E /* MapView.swift in Sources */,
				778D75DA213B8B8F002AA868 /* NetworkErrorHelper.swift in Sources */,
				778D75CE2138E732002AA868 /* Constants.swift in Sources */,
			);
			runOnlyForDeploymentPostprocessing = 0;
		};
/* End PBXSourcesBuildPhase section */

/* Begin PBXVariantGroup section */
		778D75BF2138E700002AA868 /* Main.storyboard */ = {
			isa = PBXVariantGroup;
			children = (
				778D75C02138E700002AA868 /* Base */,
			);
			name = Main.storyboard;
			sourceTree = "<group>";
		};
		778D75C42138E703002AA868 /* LaunchScreen.storyboard */ = {
			isa = PBXVariantGroup;
			children = (
				778D75C52138E703002AA868 /* Base */,
			);
			name = LaunchScreen.storyboard;
			sourceTree = "<group>";
		};
/* End PBXVariantGroup section */

/* Begin XCBuildConfiguration section */
		778D75C82138E703002AA868 /* Debug */ = {
			isa = XCBuildConfiguration;
			buildSettings = {
				ALWAYS_SEARCH_USER_PATHS = NO;
				CLANG_ANALYZER_NONNULL = YES;
				CLANG_ANALYZER_NUMBER_OBJECT_CONVERSION = YES_AGGRESSIVE;
				CLANG_CXX_LANGUAGE_STANDARD = "gnu++14";
				CLANG_CXX_LIBRARY = "libc++";
				CLANG_ENABLE_MODULES = YES;
				CLANG_ENABLE_OBJC_ARC = YES;
				CLANG_ENABLE_OBJC_WEAK = YES;
				CLANG_WARN_BLOCK_CAPTURE_AUTORELEASING = YES;
				CLANG_WARN_BOOL_CONVERSION = YES;
				CLANG_WARN_COMMA = YES;
				CLANG_WARN_CONSTANT_CONVERSION = YES;
				CLANG_WARN_DEPRECATED_OBJC_IMPLEMENTATIONS = YES;
				CLANG_WARN_DIRECT_OBJC_ISA_USAGE = YES_ERROR;
				CLANG_WARN_DOCUMENTATION_COMMENTS = YES;
				CLANG_WARN_EMPTY_BODY = YES;
				CLANG_WARN_ENUM_CONVERSION = YES;
				CLANG_WARN_INFINITE_RECURSION = YES;
				CLANG_WARN_INT_CONVERSION = YES;
				CLANG_WARN_NON_LITERAL_NULL_CONVERSION = YES;
				CLANG_WARN_OBJC_IMPLICIT_RETAIN_SELF = YES;
				CLANG_WARN_OBJC_LITERAL_CONVERSION = YES;
				CLANG_WARN_OBJC_ROOT_CLASS = YES_ERROR;
				CLANG_WARN_RANGE_LOOP_ANALYSIS = YES;
				CLANG_WARN_STRICT_PROTOTYPES = YES;
				CLANG_WARN_SUSPICIOUS_MOVE = YES;
				CLANG_WARN_UNGUARDED_AVAILABILITY = YES_AGGRESSIVE;
				CLANG_WARN_UNREACHABLE_CODE = YES;
				CLANG_WARN__DUPLICATE_METHOD_MATCH = YES;
				CODE_SIGN_IDENTITY = "iPhone Developer";
				COPY_PHASE_STRIP = NO;
				DEBUG_INFORMATION_FORMAT = dwarf;
				ENABLE_STRICT_OBJC_MSGSEND = YES;
				ENABLE_TESTABILITY = YES;
				GCC_C_LANGUAGE_STANDARD = gnu11;
				GCC_DYNAMIC_NO_PIC = NO;
				GCC_NO_COMMON_BLOCKS = YES;
				GCC_OPTIMIZATION_LEVEL = 0;
				GCC_PREPROCESSOR_DEFINITIONS = (
					"DEBUG=1",
					"$(inherited)",
				);
				GCC_WARN_64_TO_32_BIT_CONVERSION = YES;
				GCC_WARN_ABOUT_RETURN_TYPE = YES_ERROR;
				GCC_WARN_UNDECLARED_SELECTOR = YES;
				GCC_WARN_UNINITIALIZED_AUTOS = YES_AGGRESSIVE;
				GCC_WARN_UNUSED_FUNCTION = YES;
				GCC_WARN_UNUSED_VARIABLE = YES;
				IPHONEOS_DEPLOYMENT_TARGET = 11.4;
				MTL_ENABLE_DEBUG_INFO = YES;
				ONLY_ACTIVE_ARCH = YES;
				SDKROOT = iphoneos;
				SWIFT_ACTIVE_COMPILATION_CONDITIONS = DEBUG;
				SWIFT_OPTIMIZATION_LEVEL = "-Onone";
			};
			name = Debug;
		};
		778D75C92138E703002AA868 /* Release */ = {
			isa = XCBuildConfiguration;
			buildSettings = {
				ALWAYS_SEARCH_USER_PATHS = NO;
				CLANG_ANALYZER_NONNULL = YES;
				CLANG_ANALYZER_NUMBER_OBJECT_CONVERSION = YES_AGGRESSIVE;
				CLANG_CXX_LANGUAGE_STANDARD = "gnu++14";
				CLANG_CXX_LIBRARY = "libc++";
				CLANG_ENABLE_MODULES = YES;
				CLANG_ENABLE_OBJC_ARC = YES;
				CLANG_ENABLE_OBJC_WEAK = YES;
				CLANG_WARN_BLOCK_CAPTURE_AUTORELEASING = YES;
				CLANG_WARN_BOOL_CONVERSION = YES;
				CLANG_WARN_COMMA = YES;
				CLANG_WARN_CONSTANT_CONVERSION = YES;
				CLANG_WARN_DEPRECATED_OBJC_IMPLEMENTATIONS = YES;
				CLANG_WARN_DIRECT_OBJC_ISA_USAGE = YES_ERROR;
				CLANG_WARN_DOCUMENTATION_COMMENTS = YES;
				CLANG_WARN_EMPTY_BODY = YES;
				CLANG_WARN_ENUM_CONVERSION = YES;
				CLANG_WARN_INFINITE_RECURSION = YES;
				CLANG_WARN_INT_CONVERSION = YES;
				CLANG_WARN_NON_LITERAL_NULL_CONVERSION = YES;
				CLANG_WARN_OBJC_IMPLICIT_RETAIN_SELF = YES;
				CLANG_WARN_OBJC_LITERAL_CONVERSION = YES;
				CLANG_WARN_OBJC_ROOT_CLASS = YES_ERROR;
				CLANG_WARN_RANGE_LOOP_ANALYSIS = YES;
				CLANG_WARN_STRICT_PROTOTYPES = YES;
				CLANG_WARN_SUSPICIOUS_MOVE = YES;
				CLANG_WARN_UNGUARDED_AVAILABILITY = YES_AGGRESSIVE;
				CLANG_WARN_UNREACHABLE_CODE = YES;
				CLANG_WARN__DUPLICATE_METHOD_MATCH = YES;
				CODE_SIGN_IDENTITY = "iPhone Developer";
				COPY_PHASE_STRIP = NO;
				DEBUG_INFORMATION_FORMAT = "dwarf-with-dsym";
				ENABLE_NS_ASSERTIONS = NO;
				ENABLE_STRICT_OBJC_MSGSEND = YES;
				GCC_C_LANGUAGE_STANDARD = gnu11;
				GCC_NO_COMMON_BLOCKS = YES;
				GCC_WARN_64_TO_32_BIT_CONVERSION = YES;
				GCC_WARN_ABOUT_RETURN_TYPE = YES_ERROR;
				GCC_WARN_UNDECLARED_SELECTOR = YES;
				GCC_WARN_UNINITIALIZED_AUTOS = YES_AGGRESSIVE;
				GCC_WARN_UNUSED_FUNCTION = YES;
				GCC_WARN_UNUSED_VARIABLE = YES;
				IPHONEOS_DEPLOYMENT_TARGET = 11.4;
				MTL_ENABLE_DEBUG_INFO = NO;
				SDKROOT = iphoneos;
				SWIFT_COMPILATION_MODE = wholemodule;
				SWIFT_OPTIMIZATION_LEVEL = "-O";
				VALIDATE_PRODUCT = YES;
			};
			name = Release;
		};
		778D75CB2138E703002AA868 /* Debug */ = {
			isa = XCBuildConfiguration;
			buildSettings = {
				ASSETCATALOG_COMPILER_APPICON_NAME = AppIcon;
				CODE_SIGN_STYLE = Automatic;
				DEVELOPMENT_TEAM = 4NUNP9WDTT;
				INFOPLIST_FILE = OnTheMap/Resources/Info.plist;
				LD_RUNPATH_SEARCH_PATHS = (
					"$(inherited)",
					"@executable_path/Frameworks",
				);
				PRODUCT_BUNDLE_IDENTIFIER = Qalang.Erich.OnTheMap;
				PRODUCT_NAME = "$(TARGET_NAME)";
				SWIFT_VERSION = 4.0;
				TARGETED_DEVICE_FAMILY = "1,2";
			};
			name = Debug;
		};
		778D75CC2138E703002AA868 /* Release */ = {
			isa = XCBuildConfiguration;
			buildSettings = {
				ASSETCATALOG_COMPILER_APPICON_NAME = AppIcon;
				CODE_SIGN_STYLE = Automatic;
				DEVELOPMENT_TEAM = 4NUNP9WDTT;
				INFOPLIST_FILE = OnTheMap/Resources/Info.plist;
				LD_RUNPATH_SEARCH_PATHS = (
					"$(inherited)",
					"@executable_path/Frameworks",
				);
				PRODUCT_BUNDLE_IDENTIFIER = Qalang.Erich.OnTheMap;
				PRODUCT_NAME = "$(TARGET_NAME)";
				SWIFT_VERSION = 4.0;
				TARGETED_DEVICE_FAMILY = "1,2";
			};
			name = Release;
		};
/* End XCBuildConfiguration section */

/* Begin XCConfigurationList section */
		778D75B32138E700002AA868 /* Build configuration list for PBXProject "OnTheMap" */ = {
			isa = XCConfigurationList;
			buildConfigurations = (
				778D75C82138E703002AA868 /* Debug */,
				778D75C92138E703002AA868 /* Release */,
			);
			defaultConfigurationIsVisible = 0;
			defaultConfigurationName = Release;
		};
		778D75CA2138E703002AA868 /* Build configuration list for PBXNativeTarget "OnTheMap" */ = {
			isa = XCConfigurationList;
			buildConfigurations = (
				778D75CB2138E703002AA868 /* Debug */,
				778D75CC2138E703002AA868 /* Release */,
			);
			defaultConfigurationIsVisible = 0;
			defaultConfigurationName = Release;
		};
/* End XCConfigurationList section */
	};
	rootObject = 778D75B02138E700002AA868 /* Project object */;
}
